
Microsoft Visual Studio Solution File, Format Version 12.00
# Visual Studio Version 17
VisualStudioVersion = 17.11.35327.3
MinimumVisualStudioVersion = 10.0.40219.1
Project("{FAE04EC0-301F-11D3-BF4B-00C04F79EFBC}") = "TelerikBlazor", "TelerikBlazor\TelerikBlazor\TelerikBlazor.csproj", "{1D24653A-A4BF-45EE-B461-ED0346AD7191}"
EndProject
Project("{FAE04EC0-301F-11D3-BF4B-00C04F79EFBC}") = "TelerikBlazor.Client", "TelerikBlazor\TelerikBlazor.Client\TelerikBlazor.Client.csproj", "{98910798-348E-489D-B6CE-F1E655C51CBF}"
EndProject
Global
	GlobalSection(SolutionConfigurationPlatforms) = preSolution
		Debug|Any CPU = Debug|Any CPU
		Release|Any CPU = Release|Any CPU
	EndGlobalSection
	GlobalSection(ProjectConfigurationPlatforms) = postSolution
		{1D24653A-A4BF-45EE-B461-ED0346AD7191}.Debug|Any CPU.ActiveCfg = Debug|Any CPU
		{1D24653A-A4BF-45EE-B461-ED0346AD7191}.Debug|Any CPU.Build.0 = Debug|Any CPU
		{1D24653A-A4BF-45EE-B461-ED0346AD7191}.Release|Any CPU.ActiveCfg = Release|Any CPU
		{1D24653A-A4BF-45EE-B461-ED0346AD7191}.Release|Any CPU.Build.0 = Release|Any CPU
		{98910798-348E-489D-B6CE-F1E655C51CBF}.Debug|Any CPU.ActiveCfg = Debug|Any CPU
		{98910798-348E-489D-B6CE-F1E655C51CBF}.Debug|Any CPU.Build.0 = Debug|Any CPU
		{98910798-348E-489D-B6CE-F1E655C51CBF}.Release|Any CPU.ActiveCfg = Release|Any CPU
		{98910798-348E-489D-B6CE-F1E655C51CBF}.Release|Any CPU.Build.0 = Release|Any CPU
	EndGlobalSection
	GlobalSection(SolutionProperties) = preSolution
		HideSolutionNode = FALSE
	EndGlobalSection
	GlobalSection(ExtensibilityGlobals) = postSolution
		SolutionGuid = {6789164B-1D65-4C58-93DB-7A8DD2872732}
	EndGlobalSection
EndGlobal
